
Microsoft Visual Studio Solution File, Format Version 12.00
# Visual Studio Version 16
VisualStudioVersion = 16.0.31829.152
MinimumVisualStudioVersion = 10.0.40219.1
Project("{FAE04EC0-301F-11D3-BF4B-00C04F79EFBC}") = "KungFCollage-blend", "KungFCollage-blend.csproj", "{9FF59E65-5B4E-40ED-8C71-BA80083720CC}"
EndProject
Global
	GlobalSection(SolutionConfigurationPlatforms) = preSolution
		Debug|Any CPU = Debug|Any CPU
		Release|Any CPU = Release|Any CPU
	EndGlobalSection
	GlobalSection(ProjectConfigurationPlatforms) = postSolution
		{9FF59E65-5B4E-40ED-8C71-BA80083720CC}.Debug|Any CPU.ActiveCfg = Debug|Any CPU
		{9FF59E65-5B4E-40ED-8C71-BA80083720CC}.Debug|Any CPU.Build.0 = Debug|Any CPU
		{9FF59E65-5B4E-40ED-8C71-BA80083720CC}.Release|Any CPU.ActiveCfg = Release|Any CPU
		{9FF59E65-5B4E-40ED-8C71-BA80083720CC}.Release|Any CPU.Build.0 = Release|Any CPU
	EndGlobalSection
	GlobalSection(SolutionProperties) = preSolution
		HideSolutionNode = FALSE
	EndGlobalSection
	GlobalSection(ExtensibilityGlobals) = postSolution
		SolutionGuid = {F8DDD6FD-4A36-47ED-99FB-34DC43C28A0D}
	EndGlobalSection
EndGlobal
